{
  "name": "frontend",
  "version": "0.1.0",
  "lockfileVersion": 3,
  "requires": true,
  "packages": {
    "": {
      "name": "frontend",
      "version": "0.1.0",
      "dependencies": {
        "@radix-ui/react-popover": "^1.1.15",
        "@radix-ui/react-select": "^2.2.6",
        "@radix-ui/react-switch": "^1.2.6",
        "@radix-ui/react-tabs": "^1.1.13",
        "@tailwindcss/postcss": "^4.3.0",
        "@tanstack/react-query": "^5.100.14",
        "@xyflow/react": "^12.10.2",
        "class-variance-authority": "^0.7.1",
        "clsx": "^2.1.1",
        "date-fns": "^4.3.0",
        "lucide-react": "^1.16.0",
        "next": "^16.2.7",
        "radix-ui": "^1.4.3",
        "react": "19.2.4",
        "react-day-picker": "^10.0.1",
        "react-dom": "19.2.4",
        "socket.io-client": "^4.8.3",
        "sonner": "^2.0.7",
        "tailwind-merge": "^3.6.0",
        "zustand": "^5.0.14"
      },
      "devDependencies": {
        "@cloudflare/next-on-pages": "^1",
        "@types/node": "^20",
        "@types/react": "^19",
        "@types/react-dom": "^19",
        "@vitest/coverage-v8": "^4.1.8",
        "eslint": "^9",
        "eslint-config-next": "15.5.2",
        "nodemailer": "^8.0.10",
        "typescript": "^5",
        "vitest": "^4.1.8"
      }
    },
    "node_modules/@cloudflare/next-on-pages": {
      "version": "1.13.16",
      "resolved": "https://registry.npmjs.org/@cloudflare/next-on-pages/-/next-on-pages-1.13.16.tgz",
      "integrity": "sha512-52h51WNcfmx3szTdTd+n/xgz4qNxFtjOGG0zwnUAhTg8cjPwSUYmZp0OPRNw2jYG9xHwRS2ttSPAS8tcGkQGsw==",
      "deprecated": "Please use the OpenNext adapter instead: https://opennext.js.org/cloudflare",
      "dev": true,
      "license": "MIT",
      "dependencies": {
        "acorn": "^8.8.0",
        "ast-types": "^0.14.2",
        "chalk": "^5.2.0",
        "chokidar": "^3.5.3",
        "commander": "^11.1.0",
        "cookie": "^0.5.0",
        "esbuild": "^0.28.0",
        "js-yaml": "^4.1.0",
        "miniflare": "^3.20231218.1",
        "package-manager-manager": "^0.2.0",
        "pcre-to-regexp": "^1.1.0",
        "semver": "^7.5.2"
      },
      "bin": {
        "next-on-pages": "bin/index.js"
      },
      "peerDependencies": {
        "@cloudflare/workers-types": "^4.20240208.0",
        "next": ">=14.3.0 && <=15.5.2",
        "vercel": ">=30.0.0 && <=47.0.4",
        "wrangler": "^3.28.2 || ^4.0.0"
      },
      "peerDependenciesMeta": {
        "@cloudflare/workers-types": {
          "optional": true
        }
      }
    },
    "node_modules/@esbuild/aix-ppc64": {
      "version": "0.28.1",
      "resolved": "https://registry.npmjs.org/@esbuild/aix-ppc64/-/aix-ppc64-0.28.1.tgz",
      "integrity": "sha512-8WY/M5FYMFr0w0l3O9OKdv5EzD5lYXSP1QWE/Mv0KddHbQQCIVVYvZJhSw+9xNLyTWDrPQW0FKZ2lW6RZgJ3pQ==",
      "cpu": ["ppc64"],
      "dev": true,
      "license": "MIT",
      "optional": true,
      "os": ["aix"],
      "engines": {"node": ">=18"}
    },
    "node_modules/@esbuild/android-arm": {
      "version": "0.28.1",
      "resolved": "https://registry.npmjs.org/@esbuild/android-arm/-/android-arm-0.28.1.tgz",
      "integrity": "sha512-wO9ilkNL1ICUIm8zcE8B0m2+n7QllBnhNZ6kLGrSvKFMjSx0D3e+B3zfXtHnp1lPvR3kBmNNKAafFwf7Dn7QiQ==",
      "cpu": ["arm"],
      "dev": true,
      "license": "MIT",
      "optional": true,
      "os": ["android"],
      "engines": {"node": ">=18"}
    },
    "node_modules/@esbuild/android-arm64": {
      "version": "0.28.1",
      "resolved": "https://registry.npmjs.org/@esbuild/android-arm64/-/android-arm64-0.28.1.tgz",
      "integrity": "sha512-Sc8O+Xw9lhCUd9aHRDV+HYQVp1tJW8Q1pDQCMVvJIYDXP4L5xC6cN3C1IxLaJNhvlLLH5dJ8uN0nwxYi/HpQOyA==",
      "cpu": ["arm64"],
      "dev": true,
      "license": "MIT",
      "optional": true,
      "os": ["android"],
      "engines": {"node": ">=18"}
    },
    "node_modules/@esbuild/android-x64": {
      "version": "0.28.1",
      "resolved": "https://registry.npmjs.org/@esbuild/android-x64/-/android-x64-0.28.1.tgz",
      "integrity": "sha512-6LqcpLW4gcmT4K7yq9f4ioN0x/d6L0tOOmrk3+ZJc5lFLJ/YSO/4QDPvRzBMOzPf8pJPCNLJFPsJ/9L9HLd3kA==",
      "cpu": ["x64"],
      "dev": true,
      "license": "MIT",
      "optional": true,
      "os": ["android"],
      "engines": {"node": ">=18"}
    },
    "node_modules/@esbuild/darwin-arm64": {
      "version": "0.28.1",
      "resolved": "https://registry.npmjs.org/@esbuild/darwin-arm64/-/darwin-arm64-0.28.1.tgz",
      "integrity": "sha512-4h8zXJh6Y12EuJ3oLxe7r5wnqCFWfBhZnMosgxlDhsRiD8Jjkd/4pFKHIL8iT5FCL9Rsy8jlP7apwTLVg8eqQ==",
      "cpu": ["arm64"],
      "dev": true,
      "license": "MIT",
      "optional": true,
      "os": ["darwin"],
      "engines": {"node": ">=18"}
    },
    "node_modules/@esbuild/darwin-x64": {
      "version": "0.28.1",
      "resolved": "https://registry.npmjs.org/@esbuild/darwin-x64/-/darwin-x64-0.28.1.tgz",
      "integrity": "sha512-fXgLwCeqB8qAJe3WQJfJGfN8dWs8gfwLLGLRXzlzVjBCzqKBMgHJLaPIc+h3yRb1Y4zv/hf7P1j7oKVTG4i/Tw==",
      "cpu": ["x64"],
      "dev": true,
      "license": "MIT",
      "optional": true,
      "os": ["darwin"],
      "engines": {"node": ">=18"}
    },
    "node_modules/@esbuild/freebsd-arm64": {
      "version": "0.28.1",
      "resolved": "https://registry.npmjs.org/@esbuild/freebsd-arm64/-/freebsd-arm64-0.28.1.tgz",
      "integrity": "sha512-XFMxhPvkkk9pZRH0W+D6VtqZTHDJqHUgJL7hlNQxLjXKbH7vZYk5R+g6mNfvXYM5f+CXwJwD4OBg4Rq4+FDbw==",
      "cpu": ["arm64"],
      "dev": true,
      "license": "MIT",
      "optional": true,
      "os": ["freebsd"],
      "engines": {"node": ">=18"}
    },
    "node_modules/@esbuild/freebsd-x64": {
      "version": "0.28.1",
      "resolved": "https://registry.npmjs.org/@esbuild/freebsd-x64/-/freebsd-x64-0.28.1.tgz",
      "integrity": "sha512-F4nW8lJBz5ZvzL/nknWnHVQ3sJFrDXJSdElyEJN7oGKI/KJYpZa2kv7d/hH7Z3/K1PlMo7XgaqP6vXxEOzVdXw==",
      "cpu": ["x64"],
      "dev": true,
      "license": "MIT",
      "optional": true,
      "os": ["freebsd"],
      "engines": {"node": ">=18"}
    },
    "node_modules/@esbuild/linux-arm": {
      "version": "0.28.1",
      "resolved": "https://registry.npmjs.org/@esbuild/linux-arm/-/linux-arm-0.28.1.tgz",
      "integrity": "sha512-HDXN5LCaR5l5vVFiMPphElJHYzG5xXm7bTWqq5Ei47rVgmBfbLxhWaM2O/EGI+FLlXIKy+y5bPWvWVdHkdALg==",
      "cpu": ["arm"],
      "dev": true,
      "license": "MIT",
      "optional": true,
      "os": ["linux"],
      "engines": {"node": ">=18"}
    },
    "node_modules/@esbuild/linux-arm64": {
      "version": "0.28.1",
      "resolved": "https://registry.npmjs.org/@esbuild/linux-arm64/-/linux-arm64-0.28.1.tgz",
      "integrity": "sha512-mBaLvzDz+2CyJ8reCOC4v4G64uIFWAJ8yI6A3FfmxmQLzBaFXgzJUXVfSSyuBPmjFEzMF4xxoQsBhxh2kKIw6g==",
      "cpu": ["arm64"],
      "dev": true,
      "license": "MIT",
      "optional": true,
      "os": ["linux"],
      "engines": {"node": ">=18"}
    },
    "node_modules/@esbuild/linux-ia32": {
      "version": "0.28.1",
      "resolved": "https://registry.npmjs.org/@esbuild/linux-ia32/-/linux-ia32-0.28.1.tgz",
      "integrity": "sha512-9D7HGrnyEEjUlSXMBH0N6H2TBkVvfuLrZCWCUELsHdSC9rEqqNXAJycNWX3LJx0Y8V3UzPdtJQOdBHfZrmPqLA==",
      "cpu": ["ia32"],
      "dev": true,
      "license": "MIT",
      "optional": true,
      "os": ["linux"],
      "engines": {"node": ">=18"}
    },
    "node_modules/@esbuild/linux-loong64": {
      "version": "0.28.1",
      "resolved": "https://registry.npmjs.org/@esbuild/linux-loong64/-/linux-loong64-0.28.1.tgz",
      "integrity": "sha512-L30jgbXAR+pUhWq0XxlmcgPJ8pFXvWZU1oFJ4E0w5NHFNZ4fFN3a8k5Tnkr9VrchvkGW6W25nrCuJCxeNrPHg==",
      "cpu": ["loong64"],
      "dev": true,
      "license": "MIT",
      "optional": true,
      "os": ["linux"],
      "engines": {"node": ">=18"}
    },
    "node_modules/@esbuild/linux-mips64el": {
      "version": "0.28.1",
      "resolved": "https://registry.npmjs.org/@esbuild/linux-mips64el/-/linux-mips64el-0.28.1.tgz",
      "integrity": "sha512-2mHkVqMKfVg+RqCy1rSzrNjVJaI/c+tCSyDPwqNc3K8BxIfRN0l6ZwU8mTSvV7eknNq0oWPiFgDxX9IA0aw0A==",
      "cpu": ["mips64el"],
      "dev": true,
      "license": "MIT",
      "optional": true,
      "os": ["linux"],
      "engines": {"node": ">=18"}
    },
    "node_modules/@esbuild/linux-ppc64": {
      "version": "0.28.1",
      "resolved": "https://registry.npmjs.org/@esbuild/linux-ppc64/-/linux-ppc64-0.28.1.tgz",
      "integrity": "sha512-m3rDflvaBGZTj3TM2x0hfxC2N7m9kTGmZO8cE6e8hZ5+z43p4R0qRPnj8RfqJLWVk6LlJNCxKHEG8uHpzR1Hxw==",
      "cpu": ["ppc64"],
      "dev": true,
      "license": "MIT",
      "optional": true,
      "os": ["linux"],
      "engines": {"node": ">=18"}
    },
    "node_modules/@esbuild/linux-riscv64": {
      "version": "0.28.1",
      "resolved": "https://registry.npmjs.org/@esbuild/linux-riscv64/-/linux-riscv64-0.28.1.tgz",
      "integrity": "sha512-xm1x+p3Z37yFXrGT6JaL5fHJ+4nT+4cWXVZBrXKxfhMwYl9mwL8anBMFqm3zxd6Z9qDHl9Lc0l+NmIe7KLfvxA==",
      "cpu": ["riscv64"],
      "dev": true,
      "license": "MIT",
      "optional": true,
      "os": ["linux"],
      "engines": {"node": ">=18"}
    },
    "node_modules/@esbuild/linux-s390x": {
      "version": "0.28.1",
      "resolved": "https://registry.npmjs.org/@esbuild/linux-s390x/-/linux-s390x-0.28.1.tgz",
      "integrity": "sha512-MiT1FH1NEPxHCOGQnVAm4k7cdUV2tKVp83G/ijxjWZc3EbZzIiwpFEi7j8vEL5Rv+l3AYvB6Z3pjS2lv2shQg==",
      "cpu": ["s390x"],
      "dev": true,
      "license": "MIT",
      "optional": true,
      "os": ["linux"],
      "engines": {"node": ">=18"}
    },
    "node_modules/@esbuild/linux-x64": {
      "version": "0.28.1",
      "resolved": "https://registry.npmjs.org/@esbuild/linux-x64/-/linux-x64-0.28.1.tgz",
      "integrity": "sha512-CqP6o4oKvNPCHF/U9EVU9+fKJpwH9qyUq6+Y+8z+3LvqJxnFLH2vHjgT9qEuC2RVKLhXKWLX8X7LuZwOhgXYBQ==",
      "cpu": ["x64"],
      "dev": true,
      "license": "MIT",
      "optional": true,
      "os": ["linux"],
      "engines": {"node": ">=18"}
    },
    "node_modules/@esbuild/netbsd-arm64": {
      "version": "0.28.1",
      "resolved": "https://registry.npmjs.org/@esbuild/netbsd-arm64/-/netbsd-arm64-0.28.1.tgz",
      "integrity": "sha512-THMvGxIeXaW6jVPD/vC3yk0oI4++Q3b9XVcx9KwAeYZI+S5xRm0CvyW1xBqbIXLKWgOI1UKH3aZfNX8vXIHKw==",
      "cpu": ["arm64"],
      "dev": true,
      "license": "MIT",
      "optional": true,
      "os": ["netbsd"],
      "engines": {"node": ">=18"}
    },
    "node_modules/@esbuild/netbsd-x64": {
      "version": "0.28.1",
      "resolved": "https://registry.npmjs.org/@esbuild/netbsd-x64/-/netbsd-x64-0.28.1.tgz",
      "integrity": "sha512-bEqkCeQbDz9pIRVh2DcR3jc2LTSCmPkrQkRE/7HVhNKGTYXLk36UH+mngKzBzn6sVCJfEcnOu9xjJZwpV7H0uA==",
      "cpu": ["x64"],
      "dev": true,
      "license": "MIT",
      "optional": true,
      "os": ["netbsd"],
      "engines": {"node": ">=18"}
    },
    "node_modules/@esbuild/openbsd-arm64": {
      "version": "0.28.1",
      "resolved": "https://registry.npmjs.org/@esbuild/openbsd-arm64/-/openbsd-arm64-0.28.1.tgz",
      "integrity": "sha512-rXN7p8rNPpWPfHVMEbkdqFx41xsrFNVkMZsrJRV0vNrE6mOKEHp3mUq6PXxzR/4/8KQKeFXq4xqzxM7T96QQQA==",
      "cpu": ["arm64"],
      "dev": true,
      "license": "MIT",
      "optional": true,
      "os": ["openbsd"],
      "engines": {"node": ">=18"}
    },
    "node_modules/@esbuild/openbsd-x64": {
      "version": "0.28.1",
      "resolved": "https://registry.npmjs.org/@esbuild/openbsd-x64/-/openbsd-x64-0.28.1.tgz",
      "integrity": "sha512-7xS/FaVc1c/l4KgJ5bJPY0EpnDDG8YN8Mxdv0bpQCCKKPX0vSFvE3FXlXmh1WIzTL7C/xGONPsV5T4zQCzFJA==",
      "cpu": ["x64"],
      "dev": true,
      "license": "MIT",
      "optional": true,
      "os": ["openbsd"],
      "engines": {"node": ">=18"}
    },
    "node_modules/@esbuild/openharmony-arm64": {
      "version": "0.28.1",
      "resolved": "https://registry.npmjs.org/@esbuild/openharmony-arm64/-/openharmony-arm64-0.28.1.tgz",
      "integrity": "sha512-JZJd5UhXO6fFLXrpJvElyWn8gKzXTiHdyqBG0/bnhS+X9y18lZp/B0QYcQfLyK9mYVTwKRy9Z5TAM3K8bqD0g==",
      "cpu": ["arm64"],
      "dev": true,
      "license": "MIT",
      "optional": true,
      "os": ["openharmony"],
      "engines": {"node": ">=18"}
    },
    "node_modules/@esbuild/sunos-x64": {
      "version": "0.28.1",
      "resolved": "https://registry.npmjs.org/@esbuild/sunos-x64/-/sunos-x64-0.28.1.tgz",
      "integrity": "sha512-u2M9RG4fJy3E0Ap0/CQ8kLPR6u+XYgaPzNVIzT1gNPDCXl+gG3tl7S9Jy+L8HlPpLEJZDNvwJVN8Xw0HGO+6Q==",
      "cpu": ["x64"],
      "dev": true,
      "license": "MIT",
      "optional": true,
      "os": ["sunos"],
      "engines": {"node": ">=18"}
    },
    "node_modules/@esbuild/win32-arm64": {
      "version": "0.28.1",
      "resolved": "https://registry.npmjs.org/@esbuild/win32-arm64/-/win32-arm64-0.28.1.tgz",
      "integrity": "sha512-48Dm9lRLXtmxJYvomA4w4mSlb4UdKIXU6s1OLYvFJc5z8cE+xHFfmI8q8D1EO3EkQl3fB0+F0pxK88xxLMFpWw==",
      "cpu": ["arm64"],
      "dev": true,
      "license": "MIT",
      "optional": true,
      "os": ["win32"],
      "engines": {"node": ">=18"}
    },
    "node_modules/@esbuild/win32-ia32": {
      "version": "0.28.1",
      "resolved": "https://registry.npmjs.org/@esbuild/win32-ia32/-/win32-ia32-0.28.1.tgz",
      "integrity": "sha512-1XWZ4eWB10hGQKJlxI/ZYVST8z3dz+mPRDNNn5oG9H8kfVVNOwTzx5/3HwXXOJPgaG5LQRJQ7L+jLZO6MxAWw==",
      "cpu": ["ia32"],
      "dev": true,
      "license": "MIT",
      "optional": true,
      "os": ["win32"],
      "engines": {"node": ">=18"}
    },
    "node_modules/@esbuild/win32-x64": {
      "version": "0.28.1",
      "resolved": "https://registry.npmjs.org/@esbuild/win32-x64/-/win32-x64-0.28.1.tgz",
      "integrity": "sha512-j9qD4h7PGxRCiPWdgMWXQDnDXmWR6S2+5bN1iGvqXBVBUvJa9bVe5/BkPDf5gLCGxWIk91T7Z9xfBhCb8wMaA==",
      "cpu": ["x64"],
      "dev": true,
      "license": "MIT",
      "optional": true,
      "os": ["win32"],
      "engines": {"node": ">=18"}
    },
    "node_modules/esbuild": {
      "version": "0.28.1",
      "resolved": "https://registry.npmjs.org/esbuild/-/esbuild-0.28.1.tgz",
      "integrity": "sha512-dHrfXUjC/XjELcQZM4xZgKwIf0ElUvJnT4N8QZHK77LU8/d3l0Scx0fVBZ60A7UcvqNYBCQWyGvC+4Pb7pxmQ==",
      "dev": true,
      "license": "MIT",
      "dependencies": {
        "@esbuild/aix-ppc64": "0.28.1",
        "@esbuild/android-arm": "0.28.1",
        "@esbuild/android-arm64": "0.28.1",
        "@esbuild/android-x64": "0.28.1",
        "@esbuild/darwin-arm64": "0.28.1",
        "@esbuild/darwin-x64": "0.28.1",
        "@esbuild/freebsd-arm64": "0.28.1",
        "@esbuild/freebsd-x64": "0.28.1",
        "@esbuild/linux-arm": "0.28.1",
        "@esbuild/linux-arm64": "0.28.1",
        "@esbuild/linux-ia32": "0.28.1",
        "@esbuild/linux-loong64": "0.28.1",
        "@esbuild/linux-mips64el": "0.28.1",
        "@esbuild/linux-ppc64": "0.28.1",
        "@esbuild/linux-riscv64": "0.28.1",
        "@esbuild/linux-s390x": "0.28.1",
        "@esbuild/linux-x64": "0.28.1",
        "@esbuild/netbsd-arm64": "0.28.1",
        "@esbuild/netbsd-x64": "0.28.1",
        "@esbuild/openbsd-arm64": "0.28.1",
        "@esbuild/openbsd-x64": "0.28.1",
        "@esbuild/openharmony-arm64": "0.28.1",
        "@esbuild/sunos-x64": "0.28.1",
        "@esbuild/win32-arm64": "0.28.1",
        "@esbuild/win32-ia32": "0.28.1",
        "@esbuild/win32-x64": "0.28.1"
      },
      "bin": {"esbuild": "bin/esbuild.js"},
      "engines": {"node": ">=18"}
    }
  }
}
